
Microsoft Visual Studio Solution File, Format Version 12.00
# Visual Studio 15
VisualStudioVersion = 15.0.28010.2041
MinimumVisualStudioVersion = 10.0.40219.1
Project("{FAE04EC0-301F-11D3-BF4B-00C04F79EFBC}") = "SingleNode", "SingleNode\SingleNode.csproj", "{B8D23673-A5E1-4168-A5DA-F17CBF25B1CD}"
EndProject
Project("{FAE04EC0-301F-11D3-BF4B-00C04F79EFBC}") = "UnitTestSingleNode", "UnitTestSingleNode\UnitTestSingleNode.csproj", "{6536242D-EF82-4978-ADC8-029066DD383C}"
EndProject
Global
	GlobalSection(SolutionConfigurationPlatforms) = preSolution
		Debug|Any CPU = Debug|Any CPU
		Release|Any CPU = Release|Any CPU
	EndGlobalSection
	GlobalSection(ProjectConfigurationPlatforms) = postSolution
		{B8D23673-A5E1-4168-A5DA-F17CBF25B1CD}.Debug|Any CPU.ActiveCfg = Debug|Any CPU
		{B8D23673-A5E1-4168-A5DA-F17CBF25B1CD}.Debug|Any CPU.Build.0 = Debug|Any CPU
		{B8D23673-A5E1-4168-A5DA-F17CBF25B1CD}.Release|Any CPU.ActiveCfg = Release|Any CPU
		{B8D23673-A5E1-4168-A5DA-F17CBF25B1CD}.Release|Any CPU.Build.0 = Release|Any CPU
		{6536242D-EF82-4978-ADC8-029066DD383C}.Debug|Any CPU.ActiveCfg = Debug|Any CPU
		{6536242D-EF82-4978-ADC8-029066DD383C}.Debug|Any CPU.Build.0 = Debug|Any CPU
		{6536242D-EF82-4978-ADC8-029066DD383C}.Release|Any CPU.ActiveCfg = Release|Any CPU
		{6536242D-EF82-4978-ADC8-029066DD383C}.Release|Any CPU.Build.0 = Release|Any CPU
	EndGlobalSection
	GlobalSection(SolutionProperties) = preSolution
		HideSolutionNode = FALSE
	EndGlobalSection
	GlobalSection(ExtensibilityGlobals) = postSolution
		SolutionGuid = {54959F6C-20D5-4C77-AA6B-458DB190B915}
	EndGlobalSection
EndGlobal
